# THIS IS AN AUTOGENERATED FILE. DO NOT EDIT THIS FILE DIRECTLY.
# yarn lockfile v1


"@types/node@*", "@types/node@^14.14.16":
  version "14.14.16"
  resolved "https://registry.npm.taobao.org/@types/node/download/@types/node-14.14.16.tgz?cache=0&sync_timestamp=1608753334141&other_urls=https%3A%2F%2Fregistry.npm.taobao.org%2F%40types%2Fnode%2Fdownload%2F%40types%2Fnode-14.14.16.tgz#3cc351f8d48101deadfed4c9e4f116048d437b4b"
  integrity sha1-PMNR+NSBAd6t/tTJ5PEWBI1De0s=

"@types/sha256@^0.2.0":
  version "0.2.0"
  resolved "https://registry.npm.taobao.org/@types/sha256/download/@types/sha256-0.2.0.tgz#e91194d70f4eb67f08812e847feecf5146f4afdd"
  integrity sha1-6RGU1w9Otn8IgS6Ef+7PUUb0r90=
  dependencies:
    "@types/node" "*"

commander@^6.2.1:
  version "6.2.1"
  resolved "https://registry.npm.taobao.org/commander/download/commander-6.2.1.tgz?cache=0&sync_timestamp=1607931342826&other_urls=https%3A%2F%2Fregistry.npm.taobao.org%2Fcommander%2Fdownload%2Fcommander-6.2.1.tgz#0792eb682dfbc325999bb2b84fddddba110ac73c"
  integrity sha1-B5LraC37wyWZm7K4T93duhEKxzw=

convert-hex@~0.1.0:
  version "0.1.0"
  resolved "https://registry.npm.taobao.org/convert-hex/download/convert-hex-0.1.0.tgz#08c04568922c27776b8a2e81a95d393362ea0b65"
  integrity sha1-CMBFaJIsJ3drii6BqV05M2LqC2U=

convert-string@~0.1.0:
  version "0.1.0"
  resolved "https://registry.npm.taobao.org/convert-string/download/convert-string-0.1.0.tgz#79ce41a9bb0d03bcf72cdc6a8f3c56fbbc64410a"
  integrity sha1-ec5BqbsNA7z3LNxqjzxW+7xkQQo=

sha256@^0.2.0:
  version "0.2.0"
  resolved "https://registry.npm.taobao.org/sha256/download/sha256-0.2.0.tgz#73a0b418daab7035bff86e8491e363412fc2ab05"
  integrity sha1-c6C0GNqrcDW/+G6EkeNjQS/CqwU=
  dependencies:
    convert-hex "~0.1.0"
    convert-string "~0.1.0"
